// !$*UTF8*$!
{
	archiveVersion = 1;
	classes = {
	};
	objectVersion = 46;
	objects = {

/* Begin PBXBuildFile section */
		8D7D2F331A858A5700652186 /* AppDelegate.swift in Sources */ = {isa = PBXBuildFile; fileRef = 8D7D2F321A858A5700652186 /* AppDelegate.swift */; };
		8D7D2F381A858A5700652186 /* Main.storyboard in Resources */ = {isa = PBXBuildFile; fileRef = 8D7D2F361A858A5700652186 /* Main.storyboard */; };
		8D7D2F3A1A858A5700652186 /* Images.xcassets in Resources */ = {isa = PBXBuildFile; fileRef = 8D7D2F391A858A5700652186 /* Images.xcassets */; };
		8D7D2F3D1A858A5700652186 /* LaunchScreen.xib in Resources */ = {isa = PBXBuildFile; fileRef = 8D7D2F3B1A858A5700652186 /* LaunchScreen.xib */; };
		8D7D2F491A858A5700652186 /* Metal_VertexStreamingTests.swift in Sources */ = {isa = PBXBuildFile; fileRef = 8D7D2F481A858A5700652186 /* Metal_VertexStreamingTests.swift */; };
		8DDF780A1A858ACA0090ECC0 /* TRenderer.swift in Sources */ = {isa = PBXBuildFile; fileRef = 8DDF78061A858ACA0090ECC0 /* TRenderer.swift */; };
		8DDF780B1A858ACA0090ECC0 /* TView.swift in Sources */ = {isa = PBXBuildFile; fileRef = 8DDF78071A858ACA0090ECC0 /* TView.swift */; };
		8DDF780C1A858ACA0090ECC0 /* TViewController.swift in Sources */ = {isa = PBXBuildFile; fileRef = 8DDF78081A858ACA0090ECC0 /* TViewController.swift */; };
		8DDF780D1A858ACA0090ECC0 /* shaders.metal in Sources */ = {isa = PBXBuildFile; fileRef = 8DDF78091A858ACA0090ECC0 /* shaders.metal */; };
/* End PBXBuildFile section */

/* Begin PBXContainerItemProxy section */
		8D7D2F431A858A5700652186 /* PBXContainerItemProxy */ = {
			isa = PBXContainerItemProxy;
			containerPortal = 8D7D2F251A858A5700652186 /* Project object */;
			proxyType = 1;
			remoteGlobalIDString = 8D7D2F2C1A858A5700652186;
			remoteInfo = Metal_VertexStreaming;
		};
/* End PBXContainerItemProxy section */

/* Begin PBXFileReference section */
		8D7D2F2D1A858A5700652186 /* Metal_VertexStreaming.app */ = {isa = PBXFileReference; explicitFileType = wrapper.application; includeInIndex = 0; path = Metal_VertexStreaming.app; sourceTree = BUILT_PRODUCTS_DIR; };
		8D7D2F311A858A5700652186 /* Info.plist */ = {isa = PBXFileReference; lastKnownFileType = text.plist.xml; path = Info.plist; sourceTree = "<group>"; };
		8D7D2F321A858A5700652186 /* AppDelegate.swift */ = {isa = PBXFileReference; lastKnownFileType = sourcecode.swift; path = AppDelegate.swift; sourceTree = "<group>"; };
		8D7D2F371A858A5700652186 /* Base */ = {isa = PBXFileReference; lastKnownFileType = file.storyboard; name = Base; path = Base.lproj/Main.storyboard; sourceTree = "<group>"; };
		8D7D2F391A858A5700652186 /* Images.xcassets */ = {isa = PBXFileReference; lastKnownFileType = folder.assetcatalog; path = Images.xcassets; sourceTree = "<group>"; };
		8D7D2F3C1A858A5700652186 /* Base */ = {isa = PBXFileReference; lastKnownFileType = file.xib; name = Base; path = Base.lproj/LaunchScreen.xib; sourceTree = "<group>"; };
		8D7D2F421A858A5700652186 /* Metal_VertexStreamingTests.xctest */ = {isa = PBXFileReference; explicitFileType = wrapper.cfbundle; includeInIndex = 0; path = Metal_VertexStreamingTests.xctest; sourceTree = BUILT_PRODUCTS_DIR; };
		8D7D2F471A858A5700652186 /* Info.plist */ = {isa = PBXFileReference; lastKnownFileType = text.plist.xml; path = Info.plist; sourceTree = "<group>"; };
		8D7D2F481A858A5700652186 /* Metal_VertexStreamingTests.swift */ = {isa = PBXFileReference; lastKnownFileType = sourcecode.swift; path = Metal_VertexStreamingTests.swift; sourceTree = "<group>"; };
		8DDF78061A858ACA0090ECC0 /* TRenderer.swift */ = {isa = PBXFileReference; fileEncoding = 4; lastKnownFileType = sourcecode.swift; path = TRenderer.swift; sourceTree = "<group>"; };
		8DDF78071A858ACA0090ECC0 /* TView.swift */ = {isa = PBXFileReference; fileEncoding = 4; lastKnownFileType = sourcecode.swift; path = TView.swift; sourceTree = "<group>"; };
		8DDF78081A858ACA0090ECC0 /* TViewController.swift */ = {isa = PBXFileReference; fileEncoding = 4; lastKnownFileType = sourcecode.swift; path = TViewController.swift; sourceTree = "<group>"; };
		8DDF78091A858ACA0090ECC0 /* shaders.metal */ = {isa = PBXFileReference; fileEncoding = 4; lastKnownFileType = sourcecode.metal; path = shaders.metal; sourceTree = "<group>"; };
/* End PBXFileReference section */

/* Begin PBXFrameworksBuildPhase section */
		8D7D2F2A1A858A5700652186 /* Frameworks */ = {
			isa = PBXFrameworksBuildPhase;
			buildActionMask = 2147483647;
			files = (
			);
			runOnlyForDeploymentPostprocessing = 0;
		};
		8D7D2F3F1A858A5700652186 /* Frameworks */ = {
			isa = PBXFrameworksBuildPhase;
			buildActionMask = 2147483647;
			files = (
			);
			runOnlyForDeploymentPostprocessing = 0;
		};
/* End PBXFrameworksBuildPhase section */

/* Begin PBXGroup section */
		8D7D2F241A858A5700652186 = {
			isa = PBXGroup;
			children = (
				8D7D2F2F1A858A5700652186 /* Metal_VertexStreaming */,
				8D7D2F451A858A5700652186 /* Metal_VertexStreamingTests */,
				8D7D2F2E1A858A5700652186 /* Products */,
			);
			sourceTree = "<group>";
		};
		8D7D2F2E1A858A5700652186 /* Products */ = {
			isa = PBXGroup;
			children = (
				8D7D2F2D1A858A5700652186 /* Metal_VertexStreaming.app */,
				8D7D2F421A858A5700652186 /* Metal_VertexStreamingTests.xctest */,
			);
			name = Products;
			sourceTree = "<group>";
		};
		8D7D2F2F1A858A5700652186 /* Metal_VertexStreaming */ = {
			isa = PBXGroup;
			children = (
				8DDF78061A858ACA0090ECC0 /* TRenderer.swift */,
				8DDF78071A858ACA0090ECC0 /* TView.swift */,
				8DDF78081A858ACA0090ECC0 /* TViewController.swift */,
				8DDF78091A858ACA0090ECC0 /* shaders.metal */,
				8D7D2F321A858A5700652186 /* AppDelegate.swift */,
				8D7D2F361A858A5700652186 /* Main.storyboard */,
				8D7D2F391A858A5700652186 /* Images.xcassets */,
				8D7D2F3B1A858A5700652186 /* LaunchScreen.xib */,
				8D7D2F301A858A5700652186 /* Supporting Files */,
			);
			path = Metal_VertexStreaming;
			sourceTree = "<group>";
		};
		8D7D2F301A858A5700652186 /* Supporting Files */ = {
			isa = PBXGroup;
			children = (
				8D7D2F311A858A5700652186 /* Info.plist */,
			);
			name = "Supporting Files";
			sourceTree = "<group>";
		};
		8D7D2F451A858A5700652186 /* Metal_VertexStreamingTests */ = {
			isa = PBXGroup;
			children = (
				8D7D2F481A858A5700652186 /* Metal_VertexStreamingTests.swift */,
				8D7D2F461A858A5700652186 /* Supporting Files */,
			);
			path = Metal_VertexStreamingTests;
			sourceTree = "<group>";
		};
		8D7D2F461A858A5700652186 /* Supporting Files */ = {
			isa = PBXGroup;
			children = (
				8D7D2F471A858A5700652186 /* Info.plist */,
			);
			name = "Supporting Files";
			sourceTree = "<group>";
		};
/* End PBXGroup section */

/* Begin PBXNativeTarget section */
		8D7D2F2C1A858A5700652186 /* Metal_VertexStreaming */ = {
			isa = PBXNativeTarget;
			buildConfigurationList = 8D7D2F4C1A858A5700652186 /* Build configuration list for PBXNativeTarget "Metal_VertexStreaming" */;
			buildPhases = (
				8D7D2F291A858A5700652186 /* Sources */,
				8D7D2F2A1A858A5700652186 /* Frameworks */,
				8D7D2F2B1A858A5700652186 /* Resources */,
			);
			buildRules = (
			);
			dependencies = (
			);
			name = Metal_VertexStreaming;
			productName = Metal_VertexStreaming;
			productReference = 8D7D2F2D1A858A5700652186 /* Metal_VertexStreaming.app */;
			productType = "com.apple.product-type.application";
		};
		8D7D2F411A858A5700652186 /* Metal_VertexStreamingTests */ = {
			isa = PBXNativeTarget;
			buildConfigurationList = 8D7D2F4F1A858A5700652186 /* Build configuration list for PBXNativeTarget "Metal_VertexStreamingTests" */;
			buildPhases = (
				8D7D2F3E1A858A5700652186 /* Sources */,
				8D7D2F3F1A858A5700652186 /* Frameworks */,
				8D7D2F401A858A5700652186 /* Resources */,
			);
			buildRules = (
			);
			dependencies = (
				8D7D2F441A858A5700652186 /* PBXTargetDependency */,
			);
			name = Metal_VertexStreamingTests;
			productName = Metal_VertexStreamingTests;
			productReference = 8D7D2F421A858A5700652186 /* Metal_VertexStreamingTests.xctest */;
			productType = "com.apple.product-type.bundle.unit-test";
		};
/* End PBXNativeTarget section */

/* Begin PBXProject section */
		8D7D2F251A858A5700652186 /* Project object */ = {
			isa = PBXProject;
			attributes = {
				LastUpgradeCheck = 0610;
				ORGANIZATIONNAME = "Nordic Software, Inc.";
				TargetAttributes = {
					8D7D2F2C1A858A5700652186 = {
						CreatedOnToolsVersion = 6.1.1;
					};
					8D7D2F411A858A5700652186 = {
						CreatedOnToolsVersion = 6.1.1;
						TestTargetID = 8D7D2F2C1A858A5700652186;
					};
				};
			};
			buildConfigurationList = 8D7D2F281A858A5700652186 /* Build configuration list for PBXProject "Metal_VertexStreaming" */;
			compatibilityVersion = "Xcode 3.2";
			developmentRegion = English;
			hasScannedForEncodings = 0;
			knownRegions = (
				en,
				Base,
			);
			mainGroup = 8D7D2F241A858A5700652186;
			productRefGroup = 8D7D2F2E1A858A5700652186 /* Products */;
			projectDirPath = "";
			projectRoot = "";
			targets = (
				8D7D2F2C1A858A5700652186 /* Metal_VertexStreaming */,
				8D7D2F411A858A5700652186 /* Metal_VertexStreamingTests */,
			);
		};
/* End PBXProject section */

/* Begin PBXResourcesBuildPhase section */
		8D7D2F2B1A858A5700652186 /* Resources */ = {
			isa = PBXResourcesBuildPhase;
			buildActionMask = 2147483647;
			files = (
				8D7D2F381A858A5700652186 /* Main.storyboard in Resources */,
				8D7D2F3D1A858A5700652186 /* LaunchScreen.xib in Resources */,
				8D7D2F3A1A858A5700652186 /* Images.xcassets in Resources */,
			);
			runOnlyForDeploymentPostprocessing = 0;
		};
		8D7D2F401A858A5700652186 /* Resources */ = {
			isa = PBXResourcesBuildPhase;
			buildActionMask = 2147483647;
			files = (
			);
			runOnlyForDeploymentPostprocessing = 0;
		};
/* End PBXResourcesBuildPhase section */

/* Begin PBXSourcesBuildPhase section */
		8D7D2F291A858A5700652186 /* Sources */ = {
			isa = PBXSourcesBuildPhase;
			buildActionMask = 2147483647;
			files = (
				8D7D2F331A858A5700652186 /* AppDelegate.swift in Sources */,
				8DDF780D1A858ACA0090ECC0 /* shaders.metal in Sources */,
				8DDF780B1A858ACA0090ECC0 /* TView.swift in Sources */,
				8DDF780A1A858ACA0090ECC0 /* TRenderer.swift in Sources */,
				8DDF780C1A858ACA0090ECC0 /* TViewController.swift in Sources */,
			);
			runOnlyForDeploymentPostprocessing = 0;
		};
		8D7D2F3E1A858A5700652186 /* Sources */ = {
			isa = PBXSourcesBuildPhase;
			buildActionMask = 2147483647;
			files = (
				8D7D2F491A858A5700652186 /* Metal_VertexStreamingTests.swift in Sources */,
			);
			runOnlyForDeploymentPostprocessing = 0;
		};
/* End PBXSourcesBuildPhase section */

/* Begin PBXTargetDependency section */
		8D7D2F441A858A5700652186 /* PBXTargetDependency */ = {
			isa = PBXTargetDependency;
			target = 8D7D2F2C1A858A5700652186 /* Metal_VertexStreaming */;
			targetProxy = 8D7D2F431A858A5700652186 /* PBXContainerItemProxy */;
		};
/* End PBXTargetDependency section */

/* Begin PBXVariantGroup section */
		8D7D2F361A858A5700652186 /* Main.storyboard */ = {
			isa = PBXVariantGroup;
			children = (
				8D7D2F371A858A5700652186 /* Base */,
			);
			name = Main.storyboard;
			sourceTree = "<group>";
		};
		8D7D2F3B1A858A5700652186 /* LaunchScreen.xib */ = {
			isa = PBXVariantGroup;
			children = (
				8D7D2F3C1A858A5700652186 /* Base */,
			);
			name = LaunchScreen.xib;
			sourceTree = "<group>";
		};
/* End PBXVariantGroup section */

/* Begin XCBuildConfiguration section */
		8D7D2F4A1A858A5700652186 /* Debug */ = {
			isa = XCBuildConfiguration;
			buildSettings = {
				ALWAYS_SEARCH_USER_PATHS = NO;
				CLANG_CXX_LANGUAGE_STANDARD = "gnu++0x";
				CLANG_CXX_LIBRARY = "libc++";
				CLANG_ENABLE_MODULES = YES;
				CLANG_ENABLE_OBJC_ARC = YES;
				CLANG_WARN_BOOL_CONVERSION = YES;
				CLANG_WARN_CONSTANT_CONVERSION = YES;
				CLANG_WARN_DIRECT_OBJC_ISA_USAGE = YES_ERROR;
				CLANG_WARN_EMPTY_BODY = YES;
				CLANG_WARN_ENUM_CONVERSION = YES;
				CLANG_WARN_INT_CONVERSION = YES;
				CLANG_WARN_OBJC_ROOT_CLASS = YES_ERROR;
				CLANG_WARN_UNREACHABLE_CODE = YES;
				CLANG_WARN__DUPLICATE_METHOD_MATCH = YES;
				"CODE_SIGN_IDENTITY[sdk=iphoneos*]" = "iPhone Developer";
				COPY_PHASE_STRIP = NO;
				ENABLE_STRICT_OBJC_MSGSEND = YES;
				GCC_C_LANGUAGE_STANDARD = gnu99;
				GCC_DYNAMIC_NO_PIC = NO;
				GCC_OPTIMIZATION_LEVEL = 0;
				GCC_PREPROCESSOR_DEFINITIONS = (
					"DEBUG=1",
					"$(inherited)",
				);
				GCC_SYMBOLS_PRIVATE_EXTERN = NO;
				GCC_WARN_64_TO_32_BIT_CONVERSION = YES;
				GCC_WARN_ABOUT_RETURN_TYPE = YES_ERROR;
				GCC_WARN_UNDECLARED_SELECTOR = YES;
				GCC_WARN_UNINITIALIZED_AUTOS = YES_AGGRESSIVE;
				GCC_WARN_UNUSED_FUNCTION = YES;
				GCC_WARN_UNUSED_VARIABLE = YES;
				IPHONEOS_DEPLOYMENT_TARGET = 8.1;
				MTL_ENABLE_DEBUG_INFO = YES;
				ONLY_ACTIVE_ARCH = YES;
				SDKROOT = iphoneos;
				SWIFT_OPTIMIZATION_LEVEL = "-Onone";
				TARGETED_DEVICE_FAMILY = "1,2";
			};
			name = Debug;
		};
		8D7D2F4B1A858A5700652186 /* Release */ = {
			isa = XCBuildConfiguration;
			buildSettings = {
				ALWAYS_SEARCH_USER_PATHS = NO;
				CLANG_CXX_LANGUAGE_STANDARD = "gnu++0x";
				CLANG_CXX_LIBRARY = "libc++";
				CLANG_ENABLE_MODULES = YES;
				CLANG_ENABLE_OBJC_ARC = YES;
				CLANG_WARN_BOOL_CONVERSION = YES;
				CLANG_WARN_CONSTANT_CONVERSION = YES;
				CLANG_WARN_DIRECT_OBJC_ISA_USAGE = YES_ERROR;
				CLANG_WARN_EMPTY_BODY = YES;
				CLANG_WARN_ENUM_CONVERSION = YES;
				CLANG_WARN_INT_CONVERSION = YES;
				CLANG_WARN_OBJC_ROOT_CLASS = YES_ERROR;
				CLANG_WARN_UNREACHABLE_CODE = YES;
				CLANG_WARN__DUPLICATE_METHOD_MATCH = YES;
				"CODE_SIGN_IDENTITY[sdk=iphoneos*]" = "iPhone Developer";
				COPY_PHASE_STRIP = YES;
				ENABLE_NS_ASSERTIONS = NO;
				ENABLE_STRICT_OBJC_MSGSEND = YES;
				GCC_C_LANGUAGE_STANDARD = gnu99;
				GCC_WARN_64_TO_32_BIT_CONVERSION = YES;
				GCC_WARN_ABOUT_RETURN_TYPE = YES_ERROR;
				GCC_WARN_UNDECLARED_SELECTOR = YES;
				GCC_WARN_UNINITIALIZED_AUTOS = YES_AGGRESSIVE;
				GCC_WARN_UNUSED_FUNCTION = YES;
				GCC_WARN_UNUSED_VARIABLE = YES;
				IPHONEOS_DEPLOYMENT_TARGET = 8.1;
				MTL_ENABLE_DEBUG_INFO = NO;
				SDKROOT = iphoneos;
				TARGETED_DEVICE_FAMILY = "1,2";
				VALIDATE_PRODUCT = YES;
			};
			name = Release;
		};
		8D7D2F4D1A858A5700652186 /* Debug */ = {
			isa = XCBuildConfiguration;
			buildSettings = {
				ASSETCATALOG_COMPILER_APPICON_NAME = AppIcon;
				INFOPLIST_FILE = Metal_VertexStreaming/Info.plist;
				LD_RUNPATH_SEARCH_PATHS = "$(inherited) @executable_path/Frameworks";
				PRODUCT_NAME = "$(TARGET_NAME)";
			};
			name = Debug;
		};
		8D7D2F4E1A858A5700652186 /* Release */ = {
			isa = XCBuildConfiguration;
			buildSettings = {
				ASSETCATALOG_COMPILER_APPICON_NAME = AppIcon;
				INFOPLIST_FILE = Metal_VertexStreaming/Info.plist;
				LD_RUNPATH_SEARCH_PATHS = "$(inherited) @executable_path/Frameworks";
				PRODUCT_NAME = "$(TARGET_NAME)";
			};
			name = Release;
		};
		8D7D2F501A858A5700652186 /* Debug */ = {
			isa = XCBuildConfiguration;
			buildSettings = {
				BUNDLE_LOADER = "$(TEST_HOST)";
				FRAMEWORK_SEARCH_PATHS = (
					"$(SDKROOT)/Developer/Library/Frameworks",
					"$(inherited)",
				);
				GCC_PREPROCESSOR_DEFINITIONS = (
					"DEBUG=1",
					"$(inherited)",
				);
				INFOPLIST_FILE = Metal_VertexStreamingTests/Info.plist;
				LD_RUNPATH_SEARCH_PATHS = "$(inherited) @executable_path/Frameworks @loader_path/Frameworks";
				PRODUCT_NAME = "$(TARGET_NAME)";
				TEST_HOST = "$(BUILT_PRODUCTS_DIR)/Metal_VertexStreaming.app/Metal_VertexStreaming";
			};
			name = Debug;
		};
		8D7D2F511A858A5700652186 /* Release */ = {
			isa = XCBuildConfiguration;
			buildSettings = {
				BUNDLE_LOADER = "$(TEST_HOST)";
				FRAMEWORK_SEARCH_PATHS = (
					"$(SDKROOT)/Developer/Library/Frameworks",
					"$(inherited)",
				);
				INFOPLIST_FILE = Metal_VertexStreamingTests/Info.plist;
				LD_RUNPATH_SEARCH_PATHS = "$(inherited) @executable_path/Frameworks @loader_path/Frameworks";
				PRODUCT_NAME = "$(TARGET_NAME)";
				TEST_HOST = "$(BUILT_PRODUCTS_DIR)/Metal_VertexStreaming.app/Metal_VertexStreaming";
			};
			name = Release;
		};
/* End XCBuildConfiguration section */

/* Begin XCConfigurationList section */
		8D7D2F281A858A5700652186 /* Build configuration list for PBXProject "Metal_VertexStreaming" */ = {
			isa = XCConfigurationList;
			buildConfigurations = (
				8D7D2F4A1A858A5700652186 /* Debug */,
				8D7D2F4B1A858A5700652186 /* Release */,
			);
			defaultConfigurationIsVisible = 0;
			defaultConfigurationName = Release;
		};
		8D7D2F4C1A858A5700652186 /* Build configuration list for PBXNativeTarget "Metal_VertexStreaming" */ = {
			isa = XCConfigurationList;
			buildConfigurations = (
				8D7D2F4D1A858A5700652186 /* Debug */,
				8D7D2F4E1A858A5700652186 /* Release */,
			);
			defaultConfigurationIsVisible = 0;
			defaultConfigurationName = Release;
		};
		8D7D2F4F1A858A5700652186 /* Build configuration list for PBXNativeTarget "Metal_VertexStreamingTests" */ = {
			isa = XCConfigurationList;
			buildConfigurations = (
				8D7D2F501A858A5700652186 /* Debug */,
				8D7D2F511A858A5700652186 /* Release */,
			);
			defaultConfigurationIsVisible = 0;
			defaultConfigurationName = Release;
		};
/* End XCConfigurationList section */
	};
	rootObject = 8D7D2F251A858A5700652186 /* Project object */;
}
